// !$*UTF8*$!
{
	archiveVersion = 1;
	classes = {
	};
	objectVersion = 56;
	objects = {

/* Begin PBXBuildFile section */
		5A5A6CC2297EB26A0017A3C7 /* AVAudioUnitSamplerToolboxApp.swift in Sources */ = {isa = PBXBuildFile; fileRef = 5A5A6CC1297EB26A0017A3C7 /* AVAudioUnitSamplerToolboxApp.swift */; };
		5A5A6CC4297EB26A0017A3C7 /* ContentView.swift in Sources */ = {isa = PBXBuildFile; fileRef = 5A5A6CC3297EB26A0017A3C7 /* ContentView.swift */; };
		5A5A6CC6297EB26B0017A3C7 /* Assets.xcassets in Resources */ = {isa = PBXBuildFile; fileRef = 5A5A6CC5297EB26B0017A3C7 /* Assets.xcassets */; };
		5A5A6CC9297EB26B0017A3C7 /* Preview Assets.xcassets in Resources */ = {isa = PBXBuildFile; fileRef = 5A5A6CC8297EB26B0017A3C7 /* Preview Assets.xcassets */; };
		5A5A6CD3297EB26B0017A3C7 /* AVAudioUnitSamplerToolboxTests.swift in Sources */ = {isa = PBXBuildFile; fileRef = 5A5A6CD2297EB26B0017A3C7 /* AVAudioUnitSamplerToolboxTests.swift */; };
		5A5A6CDD297EB26B0017A3C7 /* AVAudioUnitSamplerToolboxUITests.swift in Sources */ = {isa = PBXBuildFile; fileRef = 5A5A6CDC297EB26B0017A3C7 /* AVAudioUnitSamplerToolboxUITests.swift */; };
		5A5A6CDF297EB26B0017A3C7 /* AVAudioUnitSamplerToolboxUITestsLaunchTests.swift in Sources */ = {isa = PBXBuildFile; fileRef = 5A5A6CDE297EB26B0017A3C7 /* AVAudioUnitSamplerToolboxUITestsLaunchTests.swift */; };
		5A5A6CEC297EB2CB0017A3C7 /* Sounds in Resources */ = {isa = PBXBuildFile; fileRef = 5A5A6CEB297EB2CB0017A3C7 /* Sounds */; };
		5A5A6CEF297EB94B0017A3C7 /* Keyboard in Frameworks */ = {isa = PBXBuildFile; productRef = 5A5A6CEE297EB94B0017A3C7 /* Keyboard */; };
		5A5A6CF1297EB96A0017A3C7 /* SwiftUIElements.swift in Sources */ = {isa = PBXBuildFile; fileRef = 5A5A6CF0297EB96A0017A3C7 /* SwiftUIElements.swift */; };
		5A5A6CF4297ECE4D0017A3C7 /* Controls in Frameworks */ = {isa = PBXBuildFile; productRef = 5A5A6CF3297ECE4D0017A3C7 /* Controls */; };
		5A5A6CFF297EEB840017A3C7 /* MIDIKit in Frameworks */ = {isa = PBXBuildFile; productRef = 5A5A6CFE297EEB840017A3C7 /* MIDIKit */; };
		5AA6E552298010EA0031C145 /* ViewConductor.swift in Sources */ = {isa = PBXBuildFile; fileRef = 5AA6E551298010E90031C145 /* ViewConductor.swift */; };
		5AA6E554298011510031C145 /* ViewConductor+MIDI.swift in Sources */ = {isa = PBXBuildFile; fileRef = 5AA6E553298011510031C145 /* ViewConductor+MIDI.swift */; };
		5AA6E556298026EE0031C145 /* Conductor.swift in Sources */ = {isa = PBXBuildFile; fileRef = 5AA6E555298026EE0031C145 /* Conductor.swift */; };
/* End PBXBuildFile section */

/* Begin PBXContainerItemProxy section */
		5A5A6CCF297EB26B0017A3C7 /* PBXContainerItemProxy */ = {
			isa = PBXContainerItemProxy;
			containerPortal = 5A5A6CB6297EB26A0017A3C7 /* Project object */;
			proxyType = 1;
			remoteGlobalIDString = 5A5A6CBD297EB26A0017A3C7;
			remoteInfo = AVAudioUnitSamplerToolbox;
		};
		5A5A6CD9297EB26B0017A3C7 /* PBXContainerItemProxy */ = {
			isa = PBXContainerItemProxy;
			containerPortal = 5A5A6CB6297EB26A0017A3C7 /* Project object */;
			proxyType = 1;
			remoteGlobalIDString = 5A5A6CBD297EB26A0017A3C7;
			remoteInfo = AVAudioUnitSamplerToolbox;
		};
/* End PBXContainerItemProxy section */

/* Begin PBXFileReference section */
		5A5A6CBE297EB26A0017A3C7 /* AVAudioUnitSamplerToolbox.app */ = {isa = PBXFileReference; explicitFileType = wrapper.application; includeInIndex = 0; path = AVAudioUnitSamplerToolbox.app; sourceTree = BUILT_PRODUCTS_DIR; };
		5A5A6CC1297EB26A0017A3C7 /* AVAudioUnitSamplerToolboxApp.swift */ = {isa = PBXFileReference; lastKnownFileType = sourcecode.swift; path = AVAudioUnitSamplerToolboxApp.swift; sourceTree = "<group>"; };
		5A5A6CC3297EB26A0017A3C7 /* ContentView.swift */ = {isa = PBXFileReference; lastKnownFileType = sourcecode.swift; path = ContentView.swift; sourceTree = "<group>"; };
		5A5A6CC5297EB26B0017A3C7 /* Assets.xcassets */ = {isa = PBXFileReference; lastKnownFileType = folder.assetcatalog; path = Assets.xcassets; sourceTree = "<group>"; };
		5A5A6CC8297EB26B0017A3C7 /* Preview Assets.xcassets */ = {isa = PBXFileReference; lastKnownFileType = folder.assetcatalog; path = "Preview Assets.xcassets"; sourceTree = "<group>"; };
		5A5A6CCE297EB26B0017A3C7 /* AVAudioUnitSamplerToolboxTests.xctest */ = {isa = PBXFileReference; explicitFileType = wrapper.cfbundle; includeInIndex = 0; path = AVAudioUnitSamplerToolboxTests.xctest; sourceTree = BUILT_PRODUCTS_DIR; };
		5A5A6CD2297EB26B0017A3C7 /* AVAudioUnitSamplerToolboxTests.swift */ = {isa = PBXFileReference; lastKnownFileType = sourcecode.swift; path = AVAudioUnitSamplerToolboxTests.swift; sourceTree = "<group>"; };
		5A5A6CD8297EB26B0017A3C7 /* AVAudioUnitSamplerToolboxUITests.xctest */ = {isa = PBXFileReference; explicitFileType = wrapper.cfbundle; includeInIndex = 0; path = AVAudioUnitSamplerToolboxUITests.xctest; sourceTree = BUILT_PRODUCTS_DIR; };
		5A5A6CDC297EB26B0017A3C7 /* AVAudioUnitSamplerToolboxUITests.swift */ = {isa = PBXFileReference; lastKnownFileType = sourcecode.swift; path = AVAudioUnitSamplerToolboxUITests.swift; sourceTree = "<group>"; };
		5A5A6CDE297EB26B0017A3C7 /* AVAudioUnitSamplerToolboxUITestsLaunchTests.swift */ = {isa = PBXFileReference; lastKnownFileType = sourcecode.swift; path = AVAudioUnitSamplerToolboxUITestsLaunchTests.swift; sourceTree = "<group>"; };
		5A5A6CEB297EB2CB0017A3C7 /* Sounds */ = {isa = PBXFileReference; lastKnownFileType = folder; path = Sounds; sourceTree = "<group>"; };
		5A5A6CF0297EB96A0017A3C7 /* SwiftUIElements.swift */ = {isa = PBXFileReference; fileEncoding = 4; lastKnownFileType = sourcecode.swift; path = SwiftUIElements.swift; sourceTree = "<group>"; };
		5A5A6CF5297EDAA60017A3C7 /* Info.plist */ = {isa = PBXFileReference; lastKnownFileType = text.plist; path = Info.plist; sourceTree = "<group>"; };
		5AA6E551298010E90031C145 /* ViewConductor.swift */ = {isa = PBXFileReference; lastKnownFileType = sourcecode.swift; path = ViewConductor.swift; sourceTree = "<group>"; };
		5AA6E553298011510031C145 /* ViewConductor+MIDI.swift */ = {isa = PBXFileReference; lastKnownFileType = sourcecode.swift; path = "ViewConductor+MIDI.swift"; sourceTree = "<group>"; };
		5AA6E555298026EE0031C145 /* Conductor.swift */ = {isa = PBXFileReference; lastKnownFileType = sourcecode.swift; path = Conductor.swift; sourceTree = "<group>"; };
/* End PBXFileReference section */

/* Begin PBXFrameworksBuildPhase section */
		5A5A6CBB297EB26A0017A3C7 /* Frameworks */ = {
			isa = PBXFrameworksBuildPhase;
			buildActionMask = 2147483647;
			files = (
				5A5A6CFF297EEB840017A3C7 /* MIDIKit in Frameworks */,
				5A5A6CF4297ECE4D0017A3C7 /* Controls in Frameworks */,
				5A5A6CEF297EB94B0017A3C7 /* Keyboard in Frameworks */,
			);
			runOnlyForDeploymentPostprocessing = 0;
		};
		5A5A6CCB297EB26B0017A3C7 /* Frameworks */ = {
			isa = PBXFrameworksBuildPhase;
			buildActionMask = 2147483647;
			files = (
			);
			runOnlyForDeploymentPostprocessing = 0;
		};
		5A5A6CD5297EB26B0017A3C7 /* Frameworks */ = {
			isa = PBXFrameworksBuildPhase;
			buildActionMask = 2147483647;
			files = (
			);
			runOnlyForDeploymentPostprocessing = 0;
		};
/* End PBXFrameworksBuildPhase section */

/* Begin PBXGroup section */
		5A5A6CB5297EB26A0017A3C7 = {
			isa = PBXGroup;
			children = (
				5A5A6CEB297EB2CB0017A3C7 /* Sounds */,
				5A5A6CC0297EB26A0017A3C7 /* AVAudioUnitSamplerToolbox */,
				5A5A6CD1297EB26B0017A3C7 /* AVAudioUnitSamplerToolboxTests */,
				5A5A6CDB297EB26B0017A3C7 /* AVAudioUnitSamplerToolboxUITests */,
				5A5A6CBF297EB26A0017A3C7 /* Products */,
			);
			sourceTree = "<group>";
		};
		5A5A6CBF297EB26A0017A3C7 /* Products */ = {
			isa = PBXGroup;
			children = (
				5A5A6CBE297EB26A0017A3C7 /* AVAudioUnitSamplerToolbox.app */,
				5A5A6CCE297EB26B0017A3C7 /* AVAudioUnitSamplerToolboxTests.xctest */,
				5A5A6CD8297EB26B0017A3C7 /* AVAudioUnitSamplerToolboxUITests.xctest */,
			);
			name = Products;
			sourceTree = "<group>";
		};
		5A5A6CC0297EB26A0017A3C7 /* AVAudioUnitSamplerToolbox */ = {
			isa = PBXGroup;
			children = (
				5A5A6CF5297EDAA60017A3C7 /* Info.plist */,
				5A5A6CC1297EB26A0017A3C7 /* AVAudioUnitSamplerToolboxApp.swift */,
				5A5A6CC3297EB26A0017A3C7 /* ContentView.swift */,
				5AA6E555298026EE0031C145 /* Conductor.swift */,
				5AA6E551298010E90031C145 /* ViewConductor.swift */,
				5AA6E553298011510031C145 /* ViewConductor+MIDI.swift */,
				5A5A6CF0297EB96A0017A3C7 /* SwiftUIElements.swift */,
				5A5A6CC5297EB26B0017A3C7 /* Assets.xcassets */,
				5A5A6CC7297EB26B0017A3C7 /* Preview Content */,
			);
			path = AVAudioUnitSamplerToolbox;
			sourceTree = "<group>";
		};
		5A5A6CC7297EB26B0017A3C7 /* Preview Content */ = {
			isa = PBXGroup;
			children = (
				5A5A6CC8297EB26B0017A3C7 /* Preview Assets.xcassets */,
			);
			path = "Preview Content";
			sourceTree = "<group>";
		};
		5A5A6CD1297EB26B0017A3C7 /* AVAudioUnitSamplerToolboxTests */ = {
			isa = PBXGroup;
			children = (
				5A5A6CD2297EB26B0017A3C7 /* AVAudioUnitSamplerToolboxTests.swift */,
			);
			path = AVAudioUnitSamplerToolboxTests;
			sourceTree = "<group>";
		};
		5A5A6CDB297EB26B0017A3C7 /* AVAudioUnitSamplerToolboxUITests */ = {
			isa = PBXGroup;
			children = (
				5A5A6CDC297EB26B0017A3C7 /* AVAudioUnitSamplerToolboxUITests.swift */,
				5A5A6CDE297EB26B0017A3C7 /* AVAudioUnitSamplerToolboxUITestsLaunchTests.swift */,
			);
			path = AVAudioUnitSamplerToolboxUITests;
			sourceTree = "<group>";
		};
/* End PBXGroup section */

/* Begin PBXNativeTarget section */
		5A5A6CBD297EB26A0017A3C7 /* AVAudioUnitSamplerToolbox */ = {
			isa = PBXNativeTarget;
			buildConfigurationList = 5A5A6CE2297EB26B0017A3C7 /* Build configuration list for PBXNativeTarget "AVAudioUnitSamplerToolbox" */;
			buildPhases = (
				5A5A6CBA297EB26A0017A3C7 /* Sources */,
				5A5A6CBB297EB26A0017A3C7 /* Frameworks */,
				5A5A6CBC297EB26A0017A3C7 /* Resources */,
			);
			buildRules = (
			);
			dependencies = (
			);
			name = AVAudioUnitSamplerToolbox;
			packageProductDependencies = (
				5A5A6CEE297EB94B0017A3C7 /* Keyboard */,
				5A5A6CF3297ECE4D0017A3C7 /* Controls */,
				5A5A6CFE297EEB840017A3C7 /* MIDIKit */,
			);
			productName = AVAudioUnitSamplerToolbox;
			productReference = 5A5A6CBE297EB26A0017A3C7 /* AVAudioUnitSamplerToolbox.app */;
			productType = "com.apple.product-type.application";
		};
		5A5A6CCD297EB26B0017A3C7 /* AVAudioUnitSamplerToolboxTests */ = {
			isa = PBXNativeTarget;
			buildConfigurationList = 5A5A6CE5297EB26B0017A3C7 /* Build configuration list for PBXNativeTarget "AVAudioUnitSamplerToolboxTests" */;
			buildPhases = (
				5A5A6CCA297EB26B0017A3C7 /* Sources */,
				5A5A6CCB297EB26B0017A3C7 /* Frameworks */,
				5A5A6CCC297EB26B0017A3C7 /* Resources */,
			);
			buildRules = (
			);
			dependencies = (
				5A5A6CD0297EB26B0017A3C7 /* PBXTargetDependency */,
			);
			name = AVAudioUnitSamplerToolboxTests;
			productName = AVAudioUnitSamplerToolboxTests;
			productReference = 5A5A6CCE297EB26B0017A3C7 /* AVAudioUnitSamplerToolboxTests.xctest */;
			productType = "com.apple.product-type.bundle.unit-test";
		};
		5A5A6CD7297EB26B0017A3C7 /* AVAudioUnitSamplerToolboxUITests */ = {
			isa = PBXNativeTarget;
			buildConfigurationList = 5A5A6CE8297EB26B0017A3C7 /* Build configuration list for PBXNativeTarget "AVAudioUnitSamplerToolboxUITests" */;
			buildPhases = (
				5A5A6CD4297EB26B0017A3C7 /* Sources */,
				5A5A6CD5297EB26B0017A3C7 /* Frameworks */,
				5A5A6CD6297EB26B0017A3C7 /* Resources */,
			);
			buildRules = (
			);
			dependencies = (
				5A5A6CDA297EB26B0017A3C7 /* PBXTargetDependency */,
			);
			name = AVAudioUnitSamplerToolboxUITests;
			productName = AVAudioUnitSamplerToolboxUITests;
			productReference = 5A5A6CD8297EB26B0017A3C7 /* AVAudioUnitSamplerToolboxUITests.xctest */;
			productType = "com.apple.product-type.bundle.ui-testing";
		};
/* End PBXNativeTarget section */

/* Begin PBXProject section */
		5A5A6CB6297EB26A0017A3C7 /* Project object */ = {
			isa = PBXProject;
			attributes = {
				BuildIndependentTargetsInParallel = 1;
				LastSwiftUpdateCheck = 1410;
				LastUpgradeCheck = 1410;
				TargetAttributes = {
					5A5A6CBD297EB26A0017A3C7 = {
						CreatedOnToolsVersion = 14.1;
					};
					5A5A6CCD297EB26B0017A3C7 = {
						CreatedOnToolsVersion = 14.1;
						TestTargetID = 5A5A6CBD297EB26A0017A3C7;
					};
					5A5A6CD7297EB26B0017A3C7 = {
						CreatedOnToolsVersion = 14.1;
						TestTargetID = 5A5A6CBD297EB26A0017A3C7;
					};
				};
			};
			buildConfigurationList = 5A5A6CB9297EB26A0017A3C7 /* Build configuration list for PBXProject "AVAudioUnitSamplerToolbox" */;
			compatibilityVersion = "Xcode 14.0";
			developmentRegion = en;
			hasScannedForEncodings = 0;
			knownRegions = (
				en,
				Base,
			);
			mainGroup = 5A5A6CB5297EB26A0017A3C7;
			packageReferences = (
				5A5A6CED297EB94B0017A3C7 /* XCRemoteSwiftPackageReference "Keyboard" */,
				5A5A6CF2297ECE4D0017A3C7 /* XCRemoteSwiftPackageReference "Controls" */,
				5A5A6CFD297EEB840017A3C7 /* XCRemoteSwiftPackageReference "MIDIKit" */,
			);
			productRefGroup = 5A5A6CBF297EB26A0017A3C7 /* Products */;
			projectDirPath = "";
			projectRoot = "";
			targets = (
				5A5A6CBD297EB26A0017A3C7 /* AVAudioUnitSamplerToolbox */,
				5A5A6CCD297EB26B0017A3C7 /* AVAudioUnitSamplerToolboxTests */,
				5A5A6CD7297EB26B0017A3C7 /* AVAudioUnitSamplerToolboxUITests */,
			);
		};
/* End PBXProject section */

/* Begin PBXResourcesBuildPhase section */
		5A5A6CBC297EB26A0017A3C7 /* Resources */ = {
			isa = PBXResourcesBuildPhase;
			buildActionMask = 2147483647;
			files = (
				5A5A6CEC297EB2CB0017A3C7 /* Sounds in Resources */,
				5A5A6CC9297EB26B0017A3C7 /* Preview Assets.xcassets in Resources */,
				5A5A6CC6297EB26B0017A3C7 /* Assets.xcassets in Resources */,
			);
			runOnlyForDeploymentPostprocessing = 0;
		};
		5A5A6CCC297EB26B0017A3C7 /* Resources */ = {
			isa = PBXResourcesBuildPhase;
			buildActionMask = 2147483647;
			files = (
			);
			runOnlyForDeploymentPostprocessing = 0;
		};
		5A5A6CD6297EB26B0017A3C7 /* Resources */ = {
			isa = PBXResourcesBuildPhase;
			buildActionMask = 2147483647;
			files = (
			);
			runOnlyForDeploymentPostprocessing = 0;
		};
/* End PBXResourcesBuildPhase section */

/* Begin PBXSourcesBuildPhase section */
		5A5A6CBA297EB26A0017A3C7 /* Sources */ = {
			isa = PBXSourcesBuildPhase;
			buildActionMask = 2147483647;
			files = (
				5AA6E556298026EE0031C145 /* Conductor.swift in Sources */,
				5A5A6CC4297EB26A0017A3C7 /* ContentView.swift in Sources */,
				5AA6E554298011510031C145 /* ViewConductor+MIDI.swift in Sources */,
				5A5A6CC2297EB26A0017A3C7 /* AVAudioUnitSamplerToolboxApp.swift in Sources */,
				5A5A6CF1297EB96A0017A3C7 /* SwiftUIElements.swift in Sources */,
				5AA6E552298010EA0031C145 /* ViewConductor.swift in Sources */,
			);
			runOnlyForDeploymentPostprocessing = 0;
		};
		5A5A6CCA297EB26B0017A3C7 /* Sources */ = {
			isa = PBXSourcesBuildPhase;
			buildActionMask = 2147483647;
			files = (
				5A5A6CD3297EB26B0017A3C7 /* AVAudioUnitSamplerToolboxTests.swift in Sources */,
			);
			runOnlyForDeploymentPostprocessing = 0;
		};
		5A5A6CD4297EB26B0017A3C7 /* Sources */ = {
			isa = PBXSourcesBuildPhase;
			buildActionMask = 2147483647;
			files = (
				5A5A6CDD297EB26B0017A3C7 /* AVAudioUnitSamplerToolboxUITests.swift in Sources */,
				5A5A6CDF297EB26B0017A3C7 /* AVAudioUnitSamplerToolboxUITestsLaunchTests.swift in Sources */,
			);
			runOnlyForDeploymentPostprocessing = 0;
		};
/* End PBXSourcesBuildPhase section */

/* Begin PBXTargetDependency section */
		5A5A6CD0297EB26B0017A3C7 /* PBXTargetDependency */ = {
			isa = PBXTargetDependency;
			target = 5A5A6CBD297EB26A0017A3C7 /* AVAudioUnitSamplerToolbox */;
			targetProxy = 5A5A6CCF297EB26B0017A3C7 /* PBXContainerItemProxy */;
		};
		5A5A6CDA297EB26B0017A3C7 /* PBXTargetDependency */ = {
			isa = PBXTargetDependency;
			target = 5A5A6CBD297EB26A0017A3C7 /* AVAudioUnitSamplerToolbox */;
			targetProxy = 5A5A6CD9297EB26B0017A3C7 /* PBXContainerItemProxy */;
		};
/* End PBXTargetDependency section */

/* Begin XCBuildConfiguration section */
		5A5A6CE0297EB26B0017A3C7 /* Debug */ = {
			isa = XCBuildConfiguration;
			buildSettings = {
				ALWAYS_SEARCH_USER_PATHS = NO;
				CLANG_ANALYZER_NONNULL = YES;
				CLANG_ANALYZER_NUMBER_OBJECT_CONVERSION = YES_AGGRESSIVE;
				CLANG_CXX_LANGUAGE_STANDARD = "gnu++20";
				CLANG_ENABLE_MODULES = YES;
				CLANG_ENABLE_OBJC_ARC = YES;
				CLANG_ENABLE_OBJC_WEAK = YES;
				CLANG_WARN_BLOCK_CAPTURE_AUTORELEASING = YES;
				CLANG_WARN_BOOL_CONVERSION = YES;
				CLANG_WARN_COMMA = YES;
				CLANG_WARN_CONSTANT_CONVERSION = YES;
				CLANG_WARN_DEPRECATED_OBJC_IMPLEMENTATIONS = YES;
				CLANG_WARN_DIRECT_OBJC_ISA_USAGE = YES_ERROR;
				CLANG_WARN_DOCUMENTATION_COMMENTS = YES;
				CLANG_WARN_EMPTY_BODY = YES;
				CLANG_WARN_ENUM_CONVERSION = YES;
				CLANG_WARN_INFINITE_RECURSION = YES;
				CLANG_WARN_INT_CONVERSION = YES;
				CLANG_WARN_NON_LITERAL_NULL_CONVERSION = YES;
				CLANG_WARN_OBJC_IMPLICIT_RETAIN_SELF = YES;
				CLANG_WARN_OBJC_LITERAL_CONVERSION = YES;
				CLANG_WARN_OBJC_ROOT_CLASS = YES_ERROR;
				CLANG_WARN_QUOTED_INCLUDE_IN_FRAMEWORK_HEADER = YES;
				CLANG_WARN_RANGE_LOOP_ANALYSIS = YES;
				CLANG_WARN_STRICT_PROTOTYPES = YES;
				CLANG_WARN_SUSPICIOUS_MOVE = YES;
				CLANG_WARN_UNGUARDED_AVAILABILITY = YES_AGGRESSIVE;
				CLANG_WARN_UNREACHABLE_CODE = YES;
				CLANG_WARN__DUPLICATE_METHOD_MATCH = YES;
				COPY_PHASE_STRIP = NO;
				DEBUG_INFORMATION_FORMAT = dwarf;
				ENABLE_STRICT_OBJC_MSGSEND = YES;
				ENABLE_TESTABILITY = YES;
				GCC_C_LANGUAGE_STANDARD = gnu11;
				GCC_DYNAMIC_NO_PIC = NO;
				GCC_NO_COMMON_BLOCKS = YES;
				GCC_OPTIMIZATION_LEVEL = 0;
				GCC_PREPROCESSOR_DEFINITIONS = (
					"DEBUG=1",
					"$(inherited)",
				);
				GCC_WARN_64_TO_32_BIT_CONVERSION = YES;
				GCC_WARN_ABOUT_RETURN_TYPE = YES_ERROR;
				GCC_WARN_UNDECLARED_SELECTOR = YES;
				GCC_WARN_UNINITIALIZED_AUTOS = YES_AGGRESSIVE;
				GCC_WARN_UNUSED_FUNCTION = YES;
				GCC_WARN_UNUSED_VARIABLE = YES;
				IPHONEOS_DEPLOYMENT_TARGET = 16.1;
				MTL_ENABLE_DEBUG_INFO = INCLUDE_SOURCE;
				MTL_FAST_MATH = YES;
				ONLY_ACTIVE_ARCH = YES;
				SDKROOT = iphoneos;
				SWIFT_ACTIVE_COMPILATION_CONDITIONS = DEBUG;
				SWIFT_OPTIMIZATION_LEVEL = "-Onone";
			};
			name = Debug;
		};
		5A5A6CE1297EB26B0017A3C7 /* Release */ = {
			isa = XCBuildConfiguration;
			buildSettings = {
				ALWAYS_SEARCH_USER_PATHS = NO;
				CLANG_ANALYZER_NONNULL = YES;
				CLANG_ANALYZER_NUMBER_OBJECT_CONVERSION = YES_AGGRESSIVE;
				CLANG_CXX_LANGUAGE_STANDARD = "gnu++20";
				CLANG_ENABLE_MODULES = YES;
				CLANG_ENABLE_OBJC_ARC = YES;
				CLANG_ENABLE_OBJC_WEAK = YES;
				CLANG_WARN_BLOCK_CAPTURE_AUTORELEASING = YES;
				CLANG_WARN_BOOL_CONVERSION = YES;
				CLANG_WARN_COMMA = YES;
				CLANG_WARN_CONSTANT_CONVERSION = YES;
				CLANG_WARN_DEPRECATED_OBJC_IMPLEMENTATIONS = YES;
				CLANG_WARN_DIRECT_OBJC_ISA_USAGE = YES_ERROR;
				CLANG_WARN_DOCUMENTATION_COMMENTS = YES;
				CLANG_WARN_EMPTY_BODY = YES;
				CLANG_WARN_ENUM_CONVERSION = YES;
				CLANG_WARN_INFINITE_RECURSION = YES;
				CLANG_WARN_INT_CONVERSION = YES;
				CLANG_WARN_NON_LITERAL_NULL_CONVERSION = YES;
				CLANG_WARN_OBJC_IMPLICIT_RETAIN_SELF = YES;
				CLANG_WARN_OBJC_LITERAL_CONVERSION = YES;
				CLANG_WARN_OBJC_ROOT_CLASS = YES_ERROR;
				CLANG_WARN_QUOTED_INCLUDE_IN_FRAMEWORK_HEADER = YES;
				CLANG_WARN_RANGE_LOOP_ANALYSIS = YES;
				CLANG_WARN_STRICT_PROTOTYPES = YES;
				CLANG_WARN_SUSPICIOUS_MOVE = YES;
				CLANG_WARN_UNGUARDED_AVAILABILITY = YES_AGGRESSIVE;
				CLANG_WARN_UNREACHABLE_CODE = YES;
				CLANG_WARN__DUPLICATE_METHOD_MATCH = YES;
				COPY_PHASE_STRIP = NO;
				DEBUG_INFORMATION_FORMAT = "dwarf-with-dsym";
				ENABLE_NS_ASSERTIONS = NO;
				ENABLE_STRICT_OBJC_MSGSEND = YES;
				GCC_C_LANGUAGE_STANDARD = gnu11;
				GCC_NO_COMMON_BLOCKS = YES;
				GCC_WARN_64_TO_32_BIT_CONVERSION = YES;
				GCC_WARN_ABOUT_RETURN_TYPE = YES_ERROR;
				GCC_WARN_UNDECLARED_SELECTOR = YES;
				GCC_WARN_UNINITIALIZED_AUTOS = YES_AGGRESSIVE;
				GCC_WARN_UNUSED_FUNCTION = YES;
				GCC_WARN_UNUSED_VARIABLE = YES;
				IPHONEOS_DEPLOYMENT_TARGET = 16.1;
				MTL_ENABLE_DEBUG_INFO = NO;
				MTL_FAST_MATH = YES;
				SDKROOT = iphoneos;
				SWIFT_COMPILATION_MODE = wholemodule;
				SWIFT_OPTIMIZATION_LEVEL = "-O";
				VALIDATE_PRODUCT = YES;
			};
			name = Release;
		};
		5A5A6CE3297EB26B0017A3C7 /* Debug */ = {
			isa = XCBuildConfiguration;
			buildSettings = {
				ASSETCATALOG_COMPILER_APPICON_NAME = AppIcon;
				ASSETCATALOG_COMPILER_GLOBAL_ACCENT_COLOR_NAME = AccentColor;
				CODE_SIGN_STYLE = Automatic;
				CURRENT_PROJECT_VERSION = 1;
				DEVELOPMENT_ASSET_PATHS = "\"AVAudioUnitSamplerToolbox/Preview Content\"";
				DEVELOPMENT_TEAM = R6J85WRCEG;
				ENABLE_PREVIEWS = YES;
				GENERATE_INFOPLIST_FILE = YES;
				INFOPLIST_FILE = AVAudioUnitSamplerToolbox/Info.plist;
				INFOPLIST_KEY_NSBluetoothAlwaysUsageDescription = "The app uses Bluetooth to connect to Bluetooth MIDI keyboards.";
				INFOPLIST_KEY_UIApplicationSceneManifest_Generation = YES;
				INFOPLIST_KEY_UIApplicationSupportsIndirectInputEvents = YES;
				INFOPLIST_KEY_UILaunchScreen_Generation = YES;
				INFOPLIST_KEY_UISupportedInterfaceOrientations = "UIInterfaceOrientationLandscapeLeft UIInterfaceOrientationLandscapeRight UIInterfaceOrientationPortrait";
				INFOPLIST_KEY_UISupportedInterfaceOrientations_iPad = "UIInterfaceOrientationLandscapeLeft UIInterfaceOrientationLandscapeRight UIInterfaceOrientationPortrait UIInterfaceOrientationPortraitUpsideDown";
				INFOPLIST_KEY_UIUserInterfaceStyle = Dark;
				IPHONEOS_DEPLOYMENT_TARGET = 15.0;
				LD_RUNPATH_SEARCH_PATHS = (
					"$(inherited)",
					"@executable_path/Frameworks",
				);
				MARKETING_VERSION = 1.0;
				PRODUCT_BUNDLE_IDENTIFIER = com.MobyPixel.AVAudioUnitSamplerToolbox;
				PRODUCT_NAME = "$(TARGET_NAME)";
				SWIFT_EMIT_LOC_STRINGS = YES;
				SWIFT_VERSION = 5.0;
				TARGETED_DEVICE_FAMILY = "1,2";
			};
			name = Debug;
		};
		5A5A6CE4297EB26B0017A3C7 /* Release */ = {
			isa = XCBuildConfiguration;
			buildSettings = {
				ASSETCATALOG_COMPILER_APPICON_NAME = AppIcon;
				ASSETCATALOG_COMPILER_GLOBAL_ACCENT_COLOR_NAME = AccentColor;
				CODE_SIGN_STYLE = Automatic;
				CURRENT_PROJECT_VERSION = 1;
				DEVELOPMENT_ASSET_PATHS = "\"AVAudioUnitSamplerToolbox/Preview Content\"";
				DEVELOPMENT_TEAM = R6J85WRCEG;
				ENABLE_PREVIEWS = YES;
				GENERATE_INFOPLIST_FILE = YES;
				INFOPLIST_FILE = AVAudioUnitSamplerToolbox/Info.plist;
				INFOPLIST_KEY_NSBluetoothAlwaysUsageDescription = "The app uses Bluetooth to connect to Bluetooth MIDI keyboards.";
				INFOPLIST_KEY_UIApplicationSceneManifest_Generation = YES;
				INFOPLIST_KEY_UIApplicationSupportsIndirectInputEvents = YES;
				INFOPLIST_KEY_UILaunchScreen_Generation = YES;
				INFOPLIST_KEY_UISupportedInterfaceOrientations = "UIInterfaceOrientationLandscapeLeft UIInterfaceOrientationLandscapeRight UIInterfaceOrientationPortrait";
				INFOPLIST_KEY_UISupportedInterfaceOrientations_iPad = "UIInterfaceOrientationLandscapeLeft UIInterfaceOrientationLandscapeRight UIInterfaceOrientationPortrait UIInterfaceOrientationPortraitUpsideDown";
				INFOPLIST_KEY_UIUserInterfaceStyle = Dark;
				IPHONEOS_DEPLOYMENT_TARGET = 15.0;
				LD_RUNPATH_SEARCH_PATHS = (
					"$(inherited)",
					"@executable_path/Frameworks",
				);
				MARKETING_VERSION = 1.0;
				PRODUCT_BUNDLE_IDENTIFIER = com.MobyPixel.AVAudioUnitSamplerToolbox;
				PRODUCT_NAME = "$(TARGET_NAME)";
				SWIFT_EMIT_LOC_STRINGS = YES;
				SWIFT_VERSION = 5.0;
				TARGETED_DEVICE_FAMILY = "1,2";
			};
			name = Release;
		};
		5A5A6CE6297EB26B0017A3C7 /* Debug */ = {
			isa = XCBuildConfiguration;
			buildSettings = {
				ALWAYS_EMBED_SWIFT_STANDARD_LIBRARIES = YES;
				BUNDLE_LOADER = "$(TEST_HOST)";
				CODE_SIGN_STYLE = Automatic;
				CURRENT_PROJECT_VERSION = 1;
				DEVELOPMENT_TEAM = R6J85WRCEG;
				GENERATE_INFOPLIST_FILE = YES;
				IPHONEOS_DEPLOYMENT_TARGET = 16.1;
				MARKETING_VERSION = 1.0;
				PRODUCT_BUNDLE_IDENTIFIER = com.MobyPixel.AVAudioUnitSamplerToolboxTests;
				PRODUCT_NAME = "$(TARGET_NAME)";
				SWIFT_EMIT_LOC_STRINGS = NO;
				SWIFT_VERSION = 5.0;
				TARGETED_DEVICE_FAMILY = "1,2";
				TEST_HOST = "$(BUILT_PRODUCTS_DIR)/AVAudioUnitSamplerToolbox.app/$(BUNDLE_EXECUTABLE_FOLDER_PATH)/AVAudioUnitSamplerToolbox";
			};
			name = Debug;
		};
		5A5A6CE7297EB26B0017A3C7 /* Release */ = {
			isa = XCBuildConfiguration;
			buildSettings = {
				ALWAYS_EMBED_SWIFT_STANDARD_LIBRARIES = YES;
				BUNDLE_LOADER = "$(TEST_HOST)";
				CODE_SIGN_STYLE = Automatic;
				CURRENT_PROJECT_VERSION = 1;
				DEVELOPMENT_TEAM = R6J85WRCEG;
				GENERATE_INFOPLIST_FILE = YES;
				IPHONEOS_DEPLOYMENT_TARGET = 16.1;
				MARKETING_VERSION = 1.0;
				PRODUCT_BUNDLE_IDENTIFIER = com.MobyPixel.AVAudioUnitSamplerToolboxTests;
				PRODUCT_NAME = "$(TARGET_NAME)";
				SWIFT_EMIT_LOC_STRINGS = NO;
				SWIFT_VERSION = 5.0;
				TARGETED_DEVICE_FAMILY = "1,2";
				TEST_HOST = "$(BUILT_PRODUCTS_DIR)/AVAudioUnitSamplerToolbox.app/$(BUNDLE_EXECUTABLE_FOLDER_PATH)/AVAudioUnitSamplerToolbox";
			};
			name = Release;
		};
		5A5A6CE9297EB26B0017A3C7 /* Debug */ = {
			isa = XCBuildConfiguration;
			buildSettings = {
				ALWAYS_EMBED_SWIFT_STANDARD_LIBRARIES = YES;
				CODE_SIGN_STYLE = Automatic;
				CURRENT_PROJECT_VERSION = 1;
				DEVELOPMENT_TEAM = R6J85WRCEG;
				GENERATE_INFOPLIST_FILE = YES;
				MARKETING_VERSION = 1.0;
				PRODUCT_BUNDLE_IDENTIFIER = com.MobyPixel.AVAudioUnitSamplerToolboxUITests;
				PRODUCT_NAME = "$(TARGET_NAME)";
				SWIFT_EMIT_LOC_STRINGS = NO;
				SWIFT_VERSION = 5.0;
				TARGETED_DEVICE_FAMILY = "1,2";
				TEST_TARGET_NAME = AVAudioUnitSamplerToolbox;
			};
			name = Debug;
		};
		5A5A6CEA297EB26B0017A3C7 /* Release */ = {
			isa = XCBuildConfiguration;
			buildSettings = {
				ALWAYS_EMBED_SWIFT_STANDARD_LIBRARIES = YES;
				CODE_SIGN_STYLE = Automatic;
				CURRENT_PROJECT_VERSION = 1;
				DEVELOPMENT_TEAM = R6J85WRCEG;
				GENERATE_INFOPLIST_FILE = YES;
				MARKETING_VERSION = 1.0;
				PRODUCT_BUNDLE_IDENTIFIER = com.MobyPixel.AVAudioUnitSamplerToolboxUITests;
				PRODUCT_NAME = "$(TARGET_NAME)";
				SWIFT_EMIT_LOC_STRINGS = NO;
				SWIFT_VERSION = 5.0;
				TARGETED_DEVICE_FAMILY = "1,2";
				TEST_TARGET_NAME = AVAudioUnitSamplerToolbox;
			};
			name = Release;
		};
/* End XCBuildConfiguration section */

/* Begin XCConfigurationList section */
		5A5A6CB9297EB26A0017A3C7 /* Build configuration list for PBXProject "AVAudioUnitSamplerToolbox" */ = {
			isa = XCConfigurationList;
			buildConfigurations = (
				5A5A6CE0297EB26B0017A3C7 /* Debug */,
				5A5A6CE1297EB26B0017A3C7 /* Release */,
			);
			defaultConfigurationIsVisible = 0;
			defaultConfigurationName = Release;
		};
		5A5A6CE2297EB26B0017A3C7 /* Build configuration list for PBXNativeTarget "AVAudioUnitSamplerToolbox" */ = {
			isa = XCConfigurationList;
			buildConfigurations = (
				5A5A6CE3297EB26B0017A3C7 /* Debug */,
				5A5A6CE4297EB26B0017A3C7 /* Release */,
			);
			defaultConfigurationIsVisible = 0;
			defaultConfigurationName = Release;
		};
		5A5A6CE5297EB26B0017A3C7 /* Build configuration list for PBXNativeTarget "AVAudioUnitSamplerToolboxTests" */ = {
			isa = XCConfigurationList;
			buildConfigurations = (
				5A5A6CE6297EB26B0017A3C7 /* Debug */,
				5A5A6CE7297EB26B0017A3C7 /* Release */,
			);
			defaultConfigurationIsVisible = 0;
			defaultConfigurationName = Release;
		};
		5A5A6CE8297EB26B0017A3C7 /* Build configuration list for PBXNativeTarget "AVAudioUnitSamplerToolboxUITests" */ = {
			isa = XCConfigurationList;
			buildConfigurations = (
				5A5A6CE9297EB26B0017A3C7 /* Debug */,
				5A5A6CEA297EB26B0017A3C7 /* Release */,
			);
			defaultConfigurationIsVisible = 0;
			defaultConfigurationName = Release;
		};
/* End XCConfigurationList section */

/* Begin XCRemoteSwiftPackageReference section */
		5A5A6CED297EB94B0017A3C7 /* XCRemoteSwiftPackageReference "Keyboard" */ = {
			isa = XCRemoteSwiftPackageReference;
			repositoryURL = "https://github.com/AudioKit/Keyboard";
			requirement = {
				branch = main;
				kind = branch;
			};
		};
		5A5A6CF2297ECE4D0017A3C7 /* XCRemoteSwiftPackageReference "Controls" */ = {
			isa = XCRemoteSwiftPackageReference;
			repositoryURL = "https://github.com/AudioKit/Controls";
			requirement = {
				branch = main;
				kind = branch;
			};
		};
		5A5A6CFD297EEB840017A3C7 /* XCRemoteSwiftPackageReference "MIDIKit" */ = {
			isa = XCRemoteSwiftPackageReference;
			repositoryURL = "https://github.com/orchetect/MIDIKit";
			requirement = {
				branch = main;
				kind = branch;
			};
		};
/* End XCRemoteSwiftPackageReference section */

/* Begin XCSwiftPackageProductDependency section */
		5A5A6CEE297EB94B0017A3C7 /* Keyboard */ = {
			isa = XCSwiftPackageProductDependency;
			package = 5A5A6CED297EB94B0017A3C7 /* XCRemoteSwiftPackageReference "Keyboard" */;
			productName = Keyboard;
		};
		5A5A6CF3297ECE4D0017A3C7 /* Controls */ = {
			isa = XCSwiftPackageProductDependency;
			package = 5A5A6CF2297ECE4D0017A3C7 /* XCRemoteSwiftPackageReference "Controls" */;
			productName = Controls;
		};
		5A5A6CFE297EEB840017A3C7 /* MIDIKit */ = {
			isa = XCSwiftPackageProductDependency;
			package = 5A5A6CFD297EEB840017A3C7 /* XCRemoteSwiftPackageReference "MIDIKit" */;
			productName = MIDIKit;
		};
/* End XCSwiftPackageProductDependency section */
	};
	rootObject = 5A5A6CB6297EB26A0017A3C7 /* Project object */;
}
